
Microsoft Visual Studio Solution File, Format Version 12.00
# Visual Studio 15
Project("{FAE04EC0-301F-11D3-BF4B-00C04F79EFBC}") = "Assembly-CSharp", "Assembly-CSharp.csproj", "{4C2681EE-C940-773B-B80A-A0972DDE8B86}"
EndProject
Project("{FAE04EC0-301F-11D3-BF4B-00C04F79EFBC}") = "Assembly-CSharp-Editor", "Assembly-CSharp-Editor.csproj", "{FA8A0DD8-E405-8EF6-F7B6-E6FBAFDCDB96}"
EndProject
Global
	GlobalSection(SolutionConfigurationPlatforms) = preSolution
		Debug|Any CPU = Debug|Any CPU
		Release|Any CPU = Release|Any CPU
	EndGlobalSection
	GlobalSection(ProjectConfigurationPlatforms) = postSolution
		{4C2681EE-C940-773B-B80A-A0972DDE8B86}.Debug|Any CPU.ActiveCfg = Debug|Any CPU
		{4C2681EE-C940-773B-B80A-A0972DDE8B86}.Debug|Any CPU.Build.0 = Debug|Any CPU
		{4C2681EE-C940-773B-B80A-A0972DDE8B86}.Release|Any CPU.ActiveCfg = Release|Any CPU
		{4C2681EE-C940-773B-B80A-A0972DDE8B86}.Release|Any CPU.Build.0 = Release|Any CPU
		{FA8A0DD8-E405-8EF6-F7B6-E6FBAFDCDB96}.Debug|Any CPU.ActiveCfg = Debug|Any CPU
		{FA8A0DD8-E405-8EF6-F7B6-E6FBAFDCDB96}.Debug|Any CPU.Build.0 = Debug|Any CPU
		{FA8A0DD8-E405-8EF6-F7B6-E6FBAFDCDB96}.Release|Any CPU.ActiveCfg = Release|Any CPU
		{FA8A0DD8-E405-8EF6-F7B6-E6FBAFDCDB96}.Release|Any CPU.Build.0 = Release|Any CPU
	EndGlobalSection
	GlobalSection(SolutionProperties) = preSolution
		HideSolutionNode = FALSE
	EndGlobalSection
EndGlobal
